
Microsoft Visual Studio Solution File, Format Version 12.00
# Visual Studio Version 17
VisualStudioVersion = 17.10.35004.147
MinimumVisualStudioVersion = 10.0.40219.1
Project("{F184B08F-C81C-45F6-A57F-5ABD9991F28F}") = "simple_form", "simple_form\simple_form.vbproj", "{6CB239F4-E85D-485A-A8DA-406E00207ED2}"
EndProject
Global
	GlobalSection(SolutionConfigurationPlatforms) = preSolution
		Debug|Any CPU = Debug|Any CPU
		Release|Any CPU = Release|Any CPU
	EndGlobalSection
	GlobalSection(ProjectConfigurationPlatforms) = postSolution
		{6CB239F4-E85D-485A-A8DA-406E00207ED2}.Debug|Any CPU.ActiveCfg = Debug|Any CPU
		{6CB239F4-E85D-485A-A8DA-406E00207ED2}.Debug|Any CPU.Build.0 = Debug|Any CPU
		{6CB239F4-E85D-485A-A8DA-406E00207ED2}.Release|Any CPU.ActiveCfg = Release|Any CPU
		{6CB239F4-E85D-485A-A8DA-406E00207ED2}.Release|Any CPU.Build.0 = Release|Any CPU
	EndGlobalSection
	GlobalSection(SolutionProperties) = preSolution
		HideSolutionNode = FALSE
	EndGlobalSection
	GlobalSection(ExtensibilityGlobals) = postSolution
		SolutionGuid = {9AB1E99E-7730-4DF5-99EE-A41DEBB4D7B6}
	EndGlobalSection
EndGlobal
